{
  "name": "my-blog-admin-editor",
  "lockfileVersion": 3,
  "requires": true,
  "packages": {
    "": {
      "name": "my-blog-admin-editor",
      "dependencies": {
        "@editorjs/attaches": "1.3.2",
        "@editorjs/code": "2.9.4",
        "@editorjs/delimiter": "1.4.2",
        "@editorjs/editorjs": "2.31.7",
        "@editorjs/embed": "^2.7.7",
        "@editorjs/header": "2.8.9",
        "@editorjs/image": "2.10.3",
        "@editorjs/inline-code": "^1.5.2",
        "@editorjs/list": "2.0.9",
        "@editorjs/marker": "^1.4.0",
        "@editorjs/quote": "2.7.6",
        "@editorjs/table": "^2.4.6",
        "@editorjs/underline": "^1.2.1",
        "@editorjs/warning": "^1.4.1"
      },
      "devDependencies": {
        "esbuild": "0.25.10"
      }
    },
    "node_modules/@codexteam/ajax": {
      "version": "4.2.0",
      "resolved": "https://registry.npmjs.org/@codexteam/ajax/-/ajax-4.2.0.tgz",
      "integrity": "sha512-54r/HZirqBPEV8rM9gZh570RCwG6M/iDAXT9Q9eGuMo9KZU49tw1dEDHjYsResGckfCsaymDqg4GnhfrBtX9JQ==",
      "license": "MIT"
    },
    "node_modules/@codexteam/icons": {
      "version": "0.3.3",
      "resolved": "https://registry.npmjs.org/@codexteam/icons/-/icons-0.3.3.tgz",
      "integrity": "sha512-cp7mkZPgmBuSxigTm3Vb+DtVHYeX7qXfQd7o05vcLD8Ag5WvRlol2QSn5P10k0CDAJwmkH9nQGQLBycErS9lsQ==",
      "license": "MIT"
    },
    "node_modules/@editorjs/attaches": {
      "version": "1.3.2",
      "resolved": "https://registry.npmjs.org/@editorjs/attaches/-/attaches-1.3.2.tgz",
      "integrity": "sha512-hzwcOo/Lk1hTEzXXV0MSnwPsGIILaeM1R7SCMu4uUALftlQVugf+Vm4a9Rd66IT7TU3tfyiOwJPb/Ydp9zn36A==",
      "license": "MIT",
      "dependencies": {
        "@codexteam/ajax": "^4.2.0",
        "@codexteam/icons": "^0.3.0"
      },
      "engines": {
        "node": ">=20.0.0"
      }
    },
    "node_modules/@editorjs/caret": {
      "version": "1.1.0",
      "resolved": "https://registry.npmjs.org/@editorjs/caret/-/caret-1.1.0.tgz",
      "integrity": "sha512-dzUjrPV7mtqM0HR/7IwT1/1PfyMxUfe5MRXo9joFmBRDIcrQ5ikbqVxSL9+Hy5tQ+BUWBwqLUgX1UKTJylWW9Q==",
      "license": "MIT",
      "dependencies": {
        "@editorjs/dom": "^1.1.0"
      }
    },
    "node_modules/@editorjs/code": {
      "version": "2.9.4",
      "resolved": "https://registry.npmjs.org/@editorjs/code/-/code-2.9.4.tgz",
      "integrity": "sha512-c0zyWodNqjL/0WI67sZvACIOFU9IAHG0UeeIpjss8pZGGNBum+UWkh7nKULK0SYvaOrdPdlWWqjuFU1TFA5jUA==",
      "license": "MIT",
      "dependencies": {
        "@codexteam/icons": "^0.3.2"
      }
    },
    "node_modules/@editorjs/delimiter": {
      "version": "1.4.2",
      "resolved": "https://registry.npmjs.org/@editorjs/delimiter/-/delimiter-1.4.2.tgz",
      "integrity": "sha512-S8q2LpeYdYkVShLp7K8c4HLthDHBevLw+sT+iO0+SH0oMvFmld9SUon3DFzMQ2gG07EOdZGRZ958+sVxyvFjZw==",
      "license": "MIT",
      "dependencies": {
        "@codexteam/icons": "^0.3.2"
      }
    },
    "node_modules/@editorjs/dom": {
      "version": "1.2.0",
      "resolved": "https://registry.npmjs.org/@editorjs/dom/-/dom-1.2.0.tgz",
      "integrity": "sha512-0b7kyM6bKBNqr90JruQCghwoR7zFfXJp1Ysuj2CG8Df1lGBq2/aKGzPnJteXgFHmViykdebAVTICvQsUk9ocHQ==",
      "license": "MIT",
      "dependencies": {
        "@editorjs/helpers": "^1.2.2"
      }
    },
    "node_modules/@editorjs/editorjs": {
      "version": "2.31.7",
      "resolved": "https://registry.npmjs.org/@editorjs/editorjs/-/editorjs-2.31.7.tgz",
      "integrity": "sha512-te4wI1heK3B8s0pz1asyRPEmOglfkb9ex5nvvCN5OUVDLSnohTszI+yyLI73qOIuUWxenIvJYkOuGHzh/a47Hw==",
      "license": "Apache-2.0",
      "dependencies": {
        "@editorjs/caret": "^1.0.1",
        "codex-notifier": "^1.1.2",
        "codex-tooltip": "^1.0.5"
      }
    },
    "node_modules/@editorjs/embed": {
      "version": "2.7.7",
      "resolved": "https://registry.npmjs.org/@editorjs/embed/-/embed-2.7.7.tgz",
      "integrity": "sha512-2IFBdYmiKnJImCW4XajOcsymKIncdcQ1J+RVJ+eXHoaOZ4d1R35GQbhr/OnGeCrVxFbOKgm21653AUz4J418tw==",
      "license": "MIT",
      "dependencies": {
        "@editorjs/editorjs": "^2.29.1"
      }
    },
    "node_modules/@editorjs/header": {
      "version": "2.8.9",
      "resolved": "https://registry.npmjs.org/@editorjs/header/-/header-2.8.9.tgz",
      "integrity": "sha512-eBL9/PLDKiE9ADZycmgps3PLz9Lw8w6rPFXr0mfHuhHQI/ynP/q1vLpyruBrRCflTLD2Dlj5nYPoJjL5mP/MFw==",
      "license": "MIT",
      "dependencies": {
        "@codexteam/icons": "^0.0.5",
        "@editorjs/editorjs": "^2.30.7"
      }
    },
    "node_modules/@editorjs/header/node_modules/@codexteam/icons": {
      "version": "0.0.5",
      "resolved": "https://registry.npmjs.org/@codexteam/icons/-/icons-0.0.5.tgz",
      "integrity": "sha512-s6H2KXhLz2rgbMZSkRm8dsMJvyUNZsEjxobBEg9ztdrb1B2H3pEzY6iTwI4XUPJWJ3c3qRKwV4TrO3J5jUdoQA==",
      "license": "MIT"
    },
    "node_modules/@editorjs/helpers": {
      "version": "1.2.2",
      "resolved": "https://registry.npmjs.org/@editorjs/helpers/-/helpers-1.2.2.tgz",
      "integrity": "sha512-saDNARvY3xd70H4KE0eBq2hlV0Z7SpfI1/1iVqyVt5PqhlEOIR5rWJFH4c63BHTa6BfiR/+PMl1n7X/X7SlptQ==",
      "license": "MIT",
      "dependencies": {
        "codex-tooltip": "^1.0.6"
      }
    },
    "node_modules/@editorjs/image": {
      "version": "2.10.3",
      "resolved": "https://registry.npmjs.org/@editorjs/image/-/image-2.10.3.tgz",
      "integrity": "sha512-ekCsGICZOIdghF/U2T34H7CItqaWAoJDXbkRD+x8l/LIo/7Ozf7KovYm21qz+CluArgV4RurVFHqwlz+O0vfJA==",
      "license": "MIT",
      "dependencies": {
        "@codexteam/icons": "^0.3.0"
      }
    },
    "node_modules/@editorjs/inline-code": {
      "version": "1.5.2",
      "resolved": "https://registry.npmjs.org/@editorjs/inline-code/-/inline-code-1.5.2.tgz",
      "integrity": "sha512-IpEvwMTP3q89T/6vTi3ACoSMOcTdywtMsci1w19+Z/lxQn/NVuVah++ro93wQ/1ZVTyCr+TPUCchxwzY1/xaMg==",
      "license": "MIT",
      "dependencies": {
        "@codexteam/icons": "^0.3.2"
      }
    },
    "node_modules/@editorjs/list": {
      "version": "2.0.9",
      "resolved": "https://registry.npmjs.org/@editorjs/list/-/list-2.0.9.tgz",
      "integrity": "sha512-rUTgDSt5wygD3Dp24bNyp6vvye/Xf4UWju0ZuvWeP13Z4cu2z1Jb5JFSTEhCou72XUGuf4xVhtsd8cm/bwUS1g==",
      "license": "MIT",
      "dependencies": {
        "@codexteam/icons": "^0.3.2"
      }
    },
    "node_modules/@editorjs/marker": {
      "version": "1.4.0",
      "resolved": "https://registry.npmjs.org/@editorjs/marker/-/marker-1.4.0.tgz",
      "integrity": "sha512-5ipEXfL44jTTRzgNp/p/YjMO7jT08S5z4V8qA3FFJTfdhKgQyM3mvP1zpdYKw47ZZpVWMCncvk5Nto3BxihEtg==",
      "license": "MIT",
      "dependencies": {
        "@codexteam/icons": "^0.0.5"
      }
    },
    "node_modules/@editorjs/marker/node_modules/@codexteam/icons": {
      "version": "0.0.5",
      "resolved": "https://registry.npmjs.org/@codexteam/icons/-/icons-0.0.5.tgz",
      "integrity": "sha512-s6H2KXhLz2rgbMZSkRm8dsMJvyUNZsEjxobBEg9ztdrb1B2H3pEzY6iTwI4XUPJWJ3c3qRKwV4TrO3J5jUdoQA==",
      "license": "MIT"
    },
    "node_modules/@editorjs/quote": {
      "version": "2.7.6",
      "resolved": "https://registry.npmjs.org/@editorjs/quote/-/quote-2.7.6.tgz",
      "integrity": "sha512-D01KUMSDj2r+6Z+xjDkQqI+y6URpeHCvj0+P4pah+GtkG040lWjFb2H4pgHFXuol2cbfyAoraYSw85fuPheCvw==",
      "license": "MIT",
      "dependencies": {
        "@codexteam/icons": "^0.3.2",
        "@editorjs/dom": "^0.0.5"
      }
    },
    "node_modules/@editorjs/quote/node_modules/@editorjs/dom": {
      "version": "0.0.5",
      "resolved": "https://registry.npmjs.org/@editorjs/dom/-/dom-0.0.5.tgz",
      "integrity": "sha512-SZ78Gwpkp3EUhjBIp0lSojeQ35V9acF8SubJsMeOH/vlOUE40GOnvvwWZnF05lO7bIB0dOHhhJy4N7IIAWxP2w==",
      "license": "MIT",
      "dependencies": {
        "@editorjs/helpers": "^0.0.4"
      }
    },
    "node_modules/@editorjs/quote/node_modules/@editorjs/helpers": {
      "version": "0.0.4",
      "resolved": "https://registry.npmjs.org/@editorjs/helpers/-/helpers-0.0.4.tgz",
      "integrity": "sha512-ieg3dzo2m1/ELze/RMNADiAiC5amXxIlVXoJ5vvXITOu/p/dPsrF+Oi3h5gBYvtGk9vg5LJUSG5YWU0tBUO1tw==",
      "license": "MIT"
    },
    "node_modules/@editorjs/table": {
      "version": "2.4.6",
      "resolved": "https://registry.npmjs.org/@editorjs/table/-/table-2.4.6.tgz",
      "integrity": "sha512-2dtum3RGqyXHX9OoMsmz92piSrzwy+QWnpN/Kt5n0oVHFfpeJwd25xLzwPVjwMlvUYrun1VPrKio5/63SLGbuQ==",
      "license": "MIT",
      "dependencies": {
        "@codexteam/icons": "^0.0.6"
      }
    },
    "node_modules/@editorjs/table/node_modules/@codexteam/icons": {
      "version": "0.0.6",
      "resolved": "https://registry.npmjs.org/@codexteam/icons/-/icons-0.0.6.tgz",
      "integrity": "sha512-L7Q5PET8PjKcBT5wp7VR+FCjwCi5PUp7rd/XjsgQ0CI5FJz0DphyHGRILMuDUdCW2MQT9NHbVr4QP31vwAkS/A==",
      "license": "MIT"
    },
    "node_modules/@editorjs/underline": {
      "version": "1.2.1",
      "resolved": "https://registry.npmjs.org/@editorjs/underline/-/underline-1.2.1.tgz",
      "integrity": "sha512-LjJ01ia6Pj0Z/elifycp9+T1bQs0eXNnIcEYKOlk0sGHLy88DPcBOh9oz1i+uWarZ4AjGsvSMaptpWe+yQNsjQ==",
      "license": "MIT",
      "dependencies": {
        "@codexteam/icons": "^0.3.2"
      }
    },
    "node_modules/@editorjs/warning": {
      "version": "1.4.1",
      "resolved": "https://registry.npmjs.org/@editorjs/warning/-/warning-1.4.1.tgz",
      "integrity": "sha512-7A+irJ6gIh6li4DC7qw/NiWCThlBgtoPUeeIVdldVjoATAu+a1GjS+w/5L24ReacgQJNPVQPPCoMaS1nB83agw==",
      "license": "MIT",
      "dependencies": {
        "@codexteam/icons": "^0.3.2",
        "@editorjs/editorjs": "^2.30.7"
      }
    },
    "node_modules/@esbuild/aix-ppc64": {
      "version": "0.25.10",
      "resolved": "https://registry.npmjs.org/@esbuild/aix-ppc64/-/aix-ppc64-0.25.10.tgz",
      "integrity": "sha512-0NFWnA+7l41irNuaSVlLfgNT12caWJVLzp5eAVhZ0z1qpxbockccEt3s+149rE64VUI3Ml2zt8Nv5JVc4QXTsw==",
      "cpu": [
        "ppc64"
      ],
      "dev": true,
      "license": "MIT",
      "optional": true,
      "os": [
        "aix"
      ],
      "engines": {
        "node": ">=18"
      }
    },
    "node_modules/@esbuild/android-arm": {
      "version": "0.25.10",
      "resolved": "https://registry.npmjs.org/@esbuild/android-arm/-/android-arm-0.25.10.tgz",
      "integrity": "sha512-dQAxF1dW1C3zpeCDc5KqIYuZ1tgAdRXNoZP7vkBIRtKZPYe2xVr/d3SkirklCHudW1B45tGiUlz2pUWDfbDD4w==",
      "cpu": [
        "arm"
      ],
      "dev": true,
      "license": "MIT",
      "optional": true,
      "os": [
        "android"
      ],
      "engines": {
        "node": ">=18"
      }
    },
    "node_modules/@esbuild/android-arm64": {
      "version": "0.25.10",
      "resolved": "https://registry.npmjs.org/@esbuild/android-arm64/-/android-arm64-0.25.10.tgz",
      "integrity": "sha512-LSQa7eDahypv/VO6WKohZGPSJDq5OVOo3UoFR1E4t4Gj1W7zEQMUhI+lo81H+DtB+kP+tDgBp+M4oNCwp6kffg==",
      "cpu": [
        "arm64"
      ],
      "dev": true,
      "license": "MIT",
      "optional": true,
      "os": [
        "android"
      ],
      "engines": {
        "node": ">=18"
      }
    },
    "node_modules/@esbuild/android-x64": {
      "version": "0.25.10",
      "resolved": "https://registry.npmjs.org/@esbuild/android-x64/-/android-x64-0.25.10.tgz",
      "integrity": "sha512-MiC9CWdPrfhibcXwr39p9ha1x0lZJ9KaVfvzA0Wxwz9ETX4v5CHfF09bx935nHlhi+MxhA63dKRRQLiVgSUtEg==",
      "cpu": [
        "x64"
      ],
      "dev": true,
      "license": "MIT",
      "optional": true,
      "os": [
        "android"
      ],
      "engines": {
        "node": ">=18"
      }
    },
    "node_modules/@esbuild/darwin-arm64": {
      "version": "0.25.10",
      "resolved": "https://registry.npmjs.org/@esbuild/darwin-arm64/-/darwin-arm64-0.25.10.tgz",
      "integrity": "sha512-JC74bdXcQEpW9KkV326WpZZjLguSZ3DfS8wrrvPMHgQOIEIG/sPXEN/V8IssoJhbefLRcRqw6RQH2NnpdprtMA==",
      "cpu": [
        "arm64"
      ],
      "dev": true,
      "license": "MIT",
      "optional": true,
      "os": [
        "darwin"
      ],
      "engines": {
        "node": ">=18"
      }
    },
    "node_modules/@esbuild/darwin-x64": {
      "version": "0.25.10",
      "resolved": "https://registry.npmjs.org/@esbuild/darwin-x64/-/darwin-x64-0.25.10.tgz",
      "integrity": "sha512-tguWg1olF6DGqzws97pKZ8G2L7Ig1vjDmGTwcTuYHbuU6TTjJe5FXbgs5C1BBzHbJ2bo1m3WkQDbWO2PvamRcg==",
      "cpu": [
        "x64"
      ],
      "dev": true,
      "license": "MIT",
      "optional": true,
      "os": [
        "darwin"
      ],
      "engines": {
        "node": ">=18"
      }
    },
    "node_modules/@esbuild/freebsd-arm64": {
      "version": "0.25.10",
      "resolved": "https://registry.npmjs.org/@esbuild/freebsd-arm64/-/freebsd-arm64-0.25.10.tgz",
      "integrity": "sha512-3ZioSQSg1HT2N05YxeJWYR+Libe3bREVSdWhEEgExWaDtyFbbXWb49QgPvFH8u03vUPX10JhJPcz7s9t9+boWg==",
      "cpu": [
        "arm64"
      ],
      "dev": true,
      "license": "MIT",
      "optional": true,
      "os": [
        "freebsd"
      ],
      "engines": {
        "node": ">=18"
      }
    },
    "node_modules/@esbuild/freebsd-x64": {
      "version": "0.25.10",
      "resolved": "https://registry.npmjs.org/@esbuild/freebsd-x64/-/freebsd-x64-0.25.10.tgz",
      "integrity": "sha512-LLgJfHJk014Aa4anGDbh8bmI5Lk+QidDmGzuC2D+vP7mv/GeSN+H39zOf7pN5N8p059FcOfs2bVlrRr4SK9WxA==",
      "cpu": [
        "x64"
      ],
      "dev": true,
      "license": "MIT",
      "optional": true,
      "os": [
        "freebsd"
      ],
      "engines": {
        "node": ">=18"
      }
    },
    "node_modules/@esbuild/linux-arm": {
      "version": "0.25.10",
      "resolved": "https://registry.npmjs.org/@esbuild/linux-arm/-/linux-arm-0.25.10.tgz",
      "integrity": "sha512-oR31GtBTFYCqEBALI9r6WxoU/ZofZl962pouZRTEYECvNF/dtXKku8YXcJkhgK/beU+zedXfIzHijSRapJY3vg==",
      "cpu": [
        "arm"
      ],
      "dev": true,
      "license": "MIT",
      "optional": true,
      "os": [
        "linux"
      ],
      "engines": {
        "node": ">=18"
      }
    },
    "node_modules/@esbuild/linux-arm64": {
      "version": "0.25.10",
      "resolved": "https://registry.npmjs.org/@esbuild/linux-arm64/-/linux-arm64-0.25.10.tgz",
      "integrity": "sha512-5luJWN6YKBsawd5f9i4+c+geYiVEw20FVW5x0v1kEMWNq8UctFjDiMATBxLvmmHA4bf7F6hTRaJgtghFr9iziQ==",
      "cpu": [
        "arm64"
      ],
      "dev": true,
      "license": "MIT",
      "optional": true,
      "os": [
        "linux"
      ],
      "engines": {
        "node": ">=18"
      }
    },
    "node_modules/@esbuild/linux-ia32": {
      "version": "0.25.10",
      "resolved": "https://registry.npmjs.org/@esbuild/linux-ia32/-/linux-ia32-0.25.10.tgz",
      "integrity": "sha512-NrSCx2Kim3EnnWgS4Txn0QGt0Xipoumb6z6sUtl5bOEZIVKhzfyp/Lyw4C1DIYvzeW/5mWYPBFJU3a/8Yr75DQ==",
      "cpu": [
        "ia32"
      ],
      "dev": true,
      "license": "MIT",
      "optional": true,
      "os": [
        "linux"
      ],
      "engines": {
        "node": ">=18"
      }
    },
    "node_modules/@esbuild/linux-loong64": {
      "version": "0.25.10",
      "resolved": "https://registry.npmjs.org/@esbuild/linux-loong64/-/linux-loong64-0.25.10.tgz",
      "integrity": "sha512-xoSphrd4AZda8+rUDDfD9J6FUMjrkTz8itpTITM4/xgerAZZcFW7Dv+sun7333IfKxGG8gAq+3NbfEMJfiY+Eg==",
      "cpu": [
        "loong64"
      ],
      "dev": true,
      "license": "MIT",
      "optional": true,
      "os": [
        "linux"
      ],
      "engines": {
        "node": ">=18"
      }
    },
    "node_modules/@esbuild/linux-mips64el": {
      "version": "0.25.10",
      "resolved": "https://registry.npmjs.org/@esbuild/linux-mips64el/-/linux-mips64el-0.25.10.tgz",
      "integrity": "sha512-ab6eiuCwoMmYDyTnyptoKkVS3k8fy/1Uvq7Dj5czXI6DF2GqD2ToInBI0SHOp5/X1BdZ26RKc5+qjQNGRBelRA==",
      "cpu": [
        "mips64el"
      ],
      "dev": true,
      "license": "MIT",
      "optional": true,
      "os": [
        "linux"
      ],
      "engines": {
        "node": ">=18"
      }
    },
    "node_modules/@esbuild/linux-ppc64": {
      "version": "0.25.10",
      "resolved": "https://registry.npmjs.org/@esbuild/linux-ppc64/-/linux-ppc64-0.25.10.tgz",
      "integrity": "sha512-NLinzzOgZQsGpsTkEbdJTCanwA5/wozN9dSgEl12haXJBzMTpssebuXR42bthOF3z7zXFWH1AmvWunUCkBE4EA==",
      "cpu": [
        "ppc64"
      ],
      "dev": true,
      "license": "MIT",
      "optional": true,
      "os": [
        "linux"
      ],
      "engines": {
        "node": ">=18"
      }
    },
    "node_modules/@esbuild/linux-riscv64": {
      "version": "0.25.10",
      "resolved": "https://registry.npmjs.org/@esbuild/linux-riscv64/-/linux-riscv64-0.25.10.tgz",
      "integrity": "sha512-FE557XdZDrtX8NMIeA8LBJX3dC2M8VGXwfrQWU7LB5SLOajfJIxmSdyL/gU1m64Zs9CBKvm4UAuBp5aJ8OgnrA==",
      "cpu": [
        "riscv64"
      ],
      "dev": true,
      "license": "MIT",
      "optional": true,
      "os": [
        "linux"
      ],
      "engines": {
        "node": ">=18"
      }
    },
    "node_modules/@esbuild/linux-s390x": {
      "version": "0.25.10",
      "resolved": "https://registry.npmjs.org/@esbuild/linux-s390x/-/linux-s390x-0.25.10.tgz",
      "integrity": "sha512-3BBSbgzuB9ajLoVZk0mGu+EHlBwkusRmeNYdqmznmMc9zGASFjSsxgkNsqmXugpPk00gJ0JNKh/97nxmjctdew==",
      "cpu": [
        "s390x"
      ],
      "dev": true,
      "license": "MIT",
      "optional": true,
      "os": [
        "linux"
      ],
      "engines": {
        "node": ">=18"
      }
    },
    "node_modules/@esbuild/linux-x64": {
      "version": "0.25.10",
      "resolved": "https://registry.npmjs.org/@esbuild/linux-x64/-/linux-x64-0.25.10.tgz",
      "integrity": "sha512-QSX81KhFoZGwenVyPoberggdW1nrQZSvfVDAIUXr3WqLRZGZqWk/P4T8p2SP+de2Sr5HPcvjhcJzEiulKgnxtA==",
      "cpu": [
        "x64"
      ],
      "dev": true,
      "license": "MIT",
      "optional": true,
      "os": [
        "linux"
      ],
      "engines": {
        "node": ">=18"
      }
    },
    "node_modules/@esbuild/netbsd-arm64": {
      "version": "0.25.10",
      "resolved": "https://registry.npmjs.org/@esbuild/netbsd-arm64/-/netbsd-arm64-0.25.10.tgz",
      "integrity": "sha512-AKQM3gfYfSW8XRk8DdMCzaLUFB15dTrZfnX8WXQoOUpUBQ+NaAFCP1kPS/ykbbGYz7rxn0WS48/81l9hFl3u4A==",
      "cpu": [
        "arm64"
      ],
      "dev": true,
      "license": "MIT",
      "optional": true,
      "os": [
        "netbsd"
      ],
      "engines": {
        "node": ">=18"
      }
    },
    "node_modules/@esbuild/netbsd-x64": {
      "version": "0.25.10",
      "resolved": "https://registry.npmjs.org/@esbuild/netbsd-x64/-/netbsd-x64-0.25.10.tgz",
      "integrity": "sha512-7RTytDPGU6fek/hWuN9qQpeGPBZFfB4zZgcz2VK2Z5VpdUxEI8JKYsg3JfO0n/Z1E/6l05n0unDCNc4HnhQGig==",
      "cpu": [
        "x64"
      ],
      "dev": true,
      "license": "MIT",
      "optional": true,
      "os": [
        "netbsd"
      ],
      "engines": {
        "node": ">=18"
      }
    },
    "node_modules/@esbuild/openbsd-arm64": {
      "version": "0.25.10",
      "resolved": "https://registry.npmjs.org/@esbuild/openbsd-arm64/-/openbsd-arm64-0.25.10.tgz",
      "integrity": "sha512-5Se0VM9Wtq797YFn+dLimf2Zx6McttsH2olUBsDml+lm0GOCRVebRWUvDtkY4BWYv/3NgzS8b/UM3jQNh5hYyw==",
      "cpu": [
        "arm64"
      ],
      "dev": true,
      "license": "MIT",
      "optional": true,
      "os": [
        "openbsd"
      ],
      "engines": {
        "node": ">=18"
      }
    },
    "node_modules/@esbuild/openbsd-x64": {
      "version": "0.25.10",
      "resolved": "https://registry.npmjs.org/@esbuild/openbsd-x64/-/openbsd-x64-0.25.10.tgz",
      "integrity": "sha512-XkA4frq1TLj4bEMB+2HnI0+4RnjbuGZfet2gs/LNs5Hc7D89ZQBHQ0gL2ND6Lzu1+QVkjp3x1gIcPKzRNP8bXw==",
      "cpu": [
        "x64"
      ],
      "dev": true,
      "license": "MIT",
      "optional": true,
      "os": [
        "openbsd"
      ],
      "engines": {
        "node": ">=18"
      }
    },
    "node_modules/@esbuild/openharmony-arm64": {
      "version": "0.25.10",
      "resolved": "https://registry.npmjs.org/@esbuild/openharmony-arm64/-/openharmony-arm64-0.25.10.tgz",
      "integrity": "sha512-AVTSBhTX8Y/Fz6OmIVBip9tJzZEUcY8WLh7I59+upa5/GPhh2/aM6bvOMQySspnCCHvFi79kMtdJS1w0DXAeag==",
      "cpu": [
        "arm64"
      ],
      "dev": true,
      "license": "MIT",
      "optional": true,
      "os": [
        "openharmony"
      ],
      "engines": {
        "node": ">=18"
      }
    },
    "node_modules/@esbuild/sunos-x64": {
      "version": "0.25.10",
      "resolved": "https://registry.npmjs.org/@esbuild/sunos-x64/-/sunos-x64-0.25.10.tgz",
      "integrity": "sha512-fswk3XT0Uf2pGJmOpDB7yknqhVkJQkAQOcW/ccVOtfx05LkbWOaRAtn5SaqXypeKQra1QaEa841PgrSL9ubSPQ==",
      "cpu": [
        "x64"
      ],
      "dev": true,
      "license": "MIT",
      "optional": true,
      "os": [
        "sunos"
      ],
      "engines": {
        "node": ">=18"
      }
    },
    "node_modules/@esbuild/win32-arm64": {
      "version": "0.25.10",
      "resolved": "https://registry.npmjs.org/@esbuild/win32-arm64/-/win32-arm64-0.25.10.tgz",
      "integrity": "sha512-ah+9b59KDTSfpaCg6VdJoOQvKjI33nTaQr4UluQwW7aEwZQsbMCfTmfEO4VyewOxx4RaDT/xCy9ra2GPWmO7Kw==",
      "cpu": [
        "arm64"
      ],
      "dev": true,
      "license": "MIT",
      "optional": true,
      "os": [
        "win32"
      ],
      "engines": {
        "node": ">=18"
      }
    },
    "node_modules/@esbuild/win32-ia32": {
      "version": "0.25.10",
      "resolved": "https://registry.npmjs.org/@esbuild/win32-ia32/-/win32-ia32-0.25.10.tgz",
      "integrity": "sha512-QHPDbKkrGO8/cz9LKVnJU22HOi4pxZnZhhA2HYHez5Pz4JeffhDjf85E57Oyco163GnzNCVkZK0b/n4Y0UHcSw==",
      "cpu": [
        "ia32"
      ],
      "dev": true,
      "license": "MIT",
      "optional": true,
      "os": [
        "win32"
      ],
      "engines": {
        "node": ">=18"
      }
    },
    "node_modules/@esbuild/win32-x64": {
      "version": "0.25.10",
      "resolved": "https://registry.npmjs.org/@esbuild/win32-x64/-/win32-x64-0.25.10.tgz",
      "integrity": "sha512-9KpxSVFCu0iK1owoez6aC/s/EdUQLDN3adTxGCqxMVhrPDj6bt5dbrHDXUuq+Bs2vATFBBrQS5vdQ/Ed2P+nbw==",
      "cpu": [
        "x64"
      ],
      "dev": true,
      "license": "MIT",
      "optional": true,
      "os": [
        "win32"
      ],
      "engines": {
        "node": ">=18"
      }
    },
    "node_modules/codex-notifier": {
      "version": "1.1.2",
      "resolved": "https://registry.npmjs.org/codex-notifier/-/codex-notifier-1.1.2.tgz",
      "integrity": "sha512-DCp6xe/LGueJ1N5sXEwcBc3r3PyVkEEDNWCVigfvywAkeXcZMk9K41a31tkEFBW0Ptlwji6/JlAb49E3Yrxbtg==",
      "license": "MIT"
    },
    "node_modules/codex-tooltip": {
      "version": "1.0.6",
      "resolved": "https://registry.npmjs.org/codex-tooltip/-/codex-tooltip-1.0.6.tgz",
      "integrity": "sha512-3MVjBjeJFQ4jGlPuYHYV3Yj0wnl1l9ppB5zeIFJeyo8Ala3WlZYtLK5yZEoyND2fxIyVmqsZORCftDGX3vbSGQ==",
      "license": "MIT"
    },
    "node_modules/esbuild": {
      "version": "0.25.10",
      "resolved": "https://registry.npmjs.org/esbuild/-/esbuild-0.25.10.tgz",
      "integrity": "sha512-9RiGKvCwaqxO2owP61uQ4BgNborAQskMR6QusfWzQqv7AZOg5oGehdY2pRJMTKuwxd1IDBP4rSbI5lHzU7SMsQ==",
      "dev": true,
      "hasInstallScript": true,
      "license": "MIT",
      "bin": {
        "esbuild": "bin/esbuild"
      },
      "engines": {
        "node": ">=18"
      },
      "optionalDependencies": {
        "@esbuild/aix-ppc64": "0.25.10",
        "@esbuild/android-arm": "0.25.10",
        "@esbuild/android-arm64": "0.25.10",
        "@esbuild/android-x64": "0.25.10",
        "@esbuild/darwin-arm64": "0.25.10",
        "@esbuild/darwin-x64": "0.25.10",
        "@esbuild/freebsd-arm64": "0.25.10",
        "@esbuild/freebsd-x64": "0.25.10",
        "@esbuild/linux-arm": "0.25.10",
        "@esbuild/linux-arm64": "0.25.10",
        "@esbuild/linux-ia32": "0.25.10",
        "@esbuild/linux-loong64": "0.25.10",
        "@esbuild/linux-mips64el": "0.25.10",
        "@esbuild/linux-ppc64": "0.25.10",
        "@esbuild/linux-riscv64": "0.25.10",
        "@esbuild/linux-s390x": "0.25.10",
        "@esbuild/linux-x64": "0.25.10",
        "@esbuild/netbsd-arm64": "0.25.10",
        "@esbuild/netbsd-x64": "0.25.10",
        "@esbuild/openbsd-arm64": "0.25.10",
        "@esbuild/openbsd-x64": "0.25.10",
        "@esbuild/openharmony-arm64": "0.25.10",
        "@esbuild/sunos-x64": "0.25.10",
        "@esbuild/win32-arm64": "0.25.10",
        "@esbuild/win32-ia32": "0.25.10",
        "@esbuild/win32-x64": "0.25.10"
      }
    }
  }
}
